
Microsoft Visual Studio Solution File, Format Version 12.00
# Visual Studio Version 17
VisualStudioVersion = 17.4.33103.184
MinimumVisualStudioVersion = 10.0.40219.1
Project("{9A19103F-16F7-4668-BE54-9A1E7A4F7556}") = "ReadWriteUserToFile", "ReadWriteUserToFile\ReadWriteUserToFile.csproj", "{581C5247-7468-4AE7-B629-EDA60A3DB1EA}"
EndProject
Project("{2150E333-8FDC-42A3-9474-1A3956D46DE8}") = "CsharpForBeginners", "CsharpForBeginners", "{C82D9BA4-C4BC-4A9F-86CD-608B4976CA93}"
EndProject
Project("{9A19103F-16F7-4668-BE54-9A1E7A4F7556}") = "Lesson_1", "Lesson_1\Lesson_1.csproj", "{14AEB396-9D49-4727-9FCF-C4A7349422E2}"
EndProject
Project("{9A19103F-16F7-4668-BE54-9A1E7A4F7556}") = "Lesson_2_CheckBadWords", "Lesson_2_CheckBadWords\Lesson_2_CheckBadWords.csproj", "{A06CC1B1-3A7A-4033-8512-BE34DDE8D5DC}"
EndProject
Project("{9A19103F-16F7-4668-BE54-9A1E7A4F7556}") = "Lesson_3_DataType", "Lesson_3_DataType\Lesson_3_DataType.csproj", "{B3E3227D-26B3-439A-91B8-11A503938065}"
EndProject
Project("{9A19103F-16F7-4668-BE54-9A1E7A4F7556}") = "Lesson_4_Classes", "Lesson_4_Classes\Lesson_4_Classes.csproj", "{7A04DB13-E883-48F8-9241-09A8EF725E9F}"
EndProject
Project("{9A19103F-16F7-4668-BE54-9A1E7A4F7556}") = "Lesson_8_MyEF", "Lesson_8_MyEF\Lesson_8_MyEF.csproj", "{4958F614-B72C-486C-84DC-69CF713897E6}"
EndProject
Project("{9A19103F-16F7-4668-BE54-9A1E7A4F7556}") = "MyDataFramework_Lesson", "MyDataFramework_Lesson\MyDataFramework_Lesson.csproj", "{01F7614D-5467-4FC9-B2E0-A2006566B02E}"
EndProject
Project("{9A19103F-16F7-4668-BE54-9A1E7A4F7556}") = "Lesson_Shorts_Reels", "Lesson_Shorts_Reels\Lesson_Shorts_Reels.csproj", "{55D1AF0F-3350-42C2-BE51-D0E67BC5175F}"
EndProject
Project("{9A19103F-16F7-4668-BE54-9A1E7A4F7556}") = "Lessons_9_UnpackString", "Lessons_9_UnpackString\Lessons_9_UnpackString.csproj", "{5D533890-FAB0-49C0-A843-143A83247996}"
EndProject
Project("{9A19103F-16F7-4668-BE54-9A1E7A4F7556}") = "Lesson_10_RoundBrackets", "Lesson_10_RoundBrackets\Lesson_10_RoundBrackets.csproj", "{7F236206-B098-4AE5-8B78-E5DF8AE7B14C}"
EndProject
Project("{FAE04EC0-301F-11D3-BF4B-00C04F79EFBC}") = "GameSnake", "GameSnake\GameSnake.csproj", "{6954B3B6-BC77-4384-BFC4-C4D83830C7EF}"
EndProject
Global
	GlobalSection(SolutionConfigurationPlatforms) = preSolution
		Debug|Any CPU = Debug|Any CPU
		Release|Any CPU = Release|Any CPU
	EndGlobalSection
	GlobalSection(ProjectConfigurationPlatforms) = postSolution
		{581C5247-7468-4AE7-B629-EDA60A3DB1EA}.Debug|Any CPU.ActiveCfg = Debug|Any CPU
		{581C5247-7468-4AE7-B629-EDA60A3DB1EA}.Debug|Any CPU.Build.0 = Debug|Any CPU
		{581C5247-7468-4AE7-B629-EDA60A3DB1EA}.Release|Any CPU.ActiveCfg = Release|Any CPU
		{581C5247-7468-4AE7-B629-EDA60A3DB1EA}.Release|Any CPU.Build.0 = Release|Any CPU
		{14AEB396-9D49-4727-9FCF-C4A7349422E2}.Debug|Any CPU.ActiveCfg = Debug|Any CPU
		{14AEB396-9D49-4727-9FCF-C4A7349422E2}.Debug|Any CPU.Build.0 = Debug|Any CPU
		{14AEB396-9D49-4727-9FCF-C4A7349422E2}.Release|Any CPU.ActiveCfg = Release|Any CPU
		{14AEB396-9D49-4727-9FCF-C4A7349422E2}.Release|Any CPU.Build.0 = Release|Any CPU
		{A06CC1B1-3A7A-4033-8512-BE34DDE8D5DC}.Debug|Any CPU.ActiveCfg = Debug|Any CPU
		{A06CC1B1-3A7A-4033-8512-BE34DDE8D5DC}.Debug|Any CPU.Build.0 = Debug|Any CPU
		{A06CC1B1-3A7A-4033-8512-BE34DDE8D5DC}.Release|Any CPU.ActiveCfg = Release|Any CPU
		{A06CC1B1-3A7A-4033-8512-BE34DDE8D5DC}.Release|Any CPU.Build.0 = Release|Any CPU
		{B3E3227D-26B3-439A-91B8-11A503938065}.Debug|Any CPU.ActiveCfg = Debug|Any CPU
		{B3E3227D-26B3-439A-91B8-11A503938065}.Debug|Any CPU.Build.0 = Debug|Any CPU
		{B3E3227D-26B3-439A-91B8-11A503938065}.Release|Any CPU.ActiveCfg = Release|Any CPU
		{B3E3227D-26B3-439A-91B8-11A503938065}.Release|Any CPU.Build.0 = Release|Any CPU
		{7A04DB13-E883-48F8-9241-09A8EF725E9F}.Debug|Any CPU.ActiveCfg = Debug|Any CPU
		{7A04DB13-E883-48F8-9241-09A8EF725E9F}.Debug|Any CPU.Build.0 = Debug|Any CPU
		{7A04DB13-E883-48F8-9241-09A8EF725E9F}.Release|Any CPU.ActiveCfg = Release|Any CPU
		{7A04DB13-E883-48F8-9241-09A8EF725E9F}.Release|Any CPU.Build.0 = Release|Any CPU
		{4958F614-B72C-486C-84DC-69CF713897E6}.Debug|Any CPU.ActiveCfg = Debug|Any CPU
		{4958F614-B72C-486C-84DC-69CF713897E6}.Debug|Any CPU.Build.0 = Debug|Any CPU
		{4958F614-B72C-486C-84DC-69CF713897E6}.Release|Any CPU.ActiveCfg = Release|Any CPU
		{4958F614-B72C-486C-84DC-69CF713897E6}.Release|Any CPU.Build.0 = Release|Any CPU
		{01F7614D-5467-4FC9-B2E0-A2006566B02E}.Debug|Any CPU.ActiveCfg = Debug|Any CPU
		{01F7614D-5467-4FC9-B2E0-A2006566B02E}.Debug|Any CPU.Build.0 = Debug|Any CPU
		{01F7614D-5467-4FC9-B2E0-A2006566B02E}.Release|Any CPU.ActiveCfg = Release|Any CPU
		{01F7614D-5467-4FC9-B2E0-A2006566B02E}.Release|Any CPU.Build.0 = Release|Any CPU
		{55D1AF0F-3350-42C2-BE51-D0E67BC5175F}.Debug|Any CPU.ActiveCfg = Debug|Any CPU
		{55D1AF0F-3350-42C2-BE51-D0E67BC5175F}.Debug|Any CPU.Build.0 = Debug|Any CPU
		{55D1AF0F-3350-42C2-BE51-D0E67BC5175F}.Release|Any CPU.ActiveCfg = Release|Any CPU
		{55D1AF0F-3350-42C2-BE51-D0E67BC5175F}.Release|Any CPU.Build.0 = Release|Any CPU
		{5D533890-FAB0-49C0-A843-143A83247996}.Debug|Any CPU.ActiveCfg = Debug|Any CPU
		{5D533890-FAB0-49C0-A843-143A83247996}.Debug|Any CPU.Build.0 = Debug|Any CPU
		{5D533890-FAB0-49C0-A843-143A83247996}.Release|Any CPU.ActiveCfg = Release|Any CPU
		{5D533890-FAB0-49C0-A843-143A83247996}.Release|Any CPU.Build.0 = Release|Any CPU
		{7F236206-B098-4AE5-8B78-E5DF8AE7B14C}.Debug|Any CPU.ActiveCfg = Debug|Any CPU
		{7F236206-B098-4AE5-8B78-E5DF8AE7B14C}.Debug|Any CPU.Build.0 = Debug|Any CPU
		{7F236206-B098-4AE5-8B78-E5DF8AE7B14C}.Release|Any CPU.ActiveCfg = Release|Any CPU
		{7F236206-B098-4AE5-8B78-E5DF8AE7B14C}.Release|Any CPU.Build.0 = Release|Any CPU
		{6954B3B6-BC77-4384-BFC4-C4D83830C7EF}.Debug|Any CPU.ActiveCfg = Debug|Any CPU
		{6954B3B6-BC77-4384-BFC4-C4D83830C7EF}.Debug|Any CPU.Build.0 = Debug|Any CPU
		{6954B3B6-BC77-4384-BFC4-C4D83830C7EF}.Release|Any CPU.ActiveCfg = Release|Any CPU
		{6954B3B6-BC77-4384-BFC4-C4D83830C7EF}.Release|Any CPU.Build.0 = Release|Any CPU
	EndGlobalSection
	GlobalSection(SolutionProperties) = preSolution
		HideSolutionNode = FALSE
	EndGlobalSection
	GlobalSection(NestedProjects) = preSolution
		{14AEB396-9D49-4727-9FCF-C4A7349422E2} = {C82D9BA4-C4BC-4A9F-86CD-608B4976CA93}
		{A06CC1B1-3A7A-4033-8512-BE34DDE8D5DC} = {C82D9BA4-C4BC-4A9F-86CD-608B4976CA93}
		{B3E3227D-26B3-439A-91B8-11A503938065} = {C82D9BA4-C4BC-4A9F-86CD-608B4976CA93}
		{7A04DB13-E883-48F8-9241-09A8EF725E9F} = {C82D9BA4-C4BC-4A9F-86CD-608B4976CA93}
		{4958F614-B72C-486C-84DC-69CF713897E6} = {C82D9BA4-C4BC-4A9F-86CD-608B4976CA93}
		{01F7614D-5467-4FC9-B2E0-A2006566B02E} = {C82D9BA4-C4BC-4A9F-86CD-608B4976CA93}
		{55D1AF0F-3350-42C2-BE51-D0E67BC5175F} = {C82D9BA4-C4BC-4A9F-86CD-608B4976CA93}
		{5D533890-FAB0-49C0-A843-143A83247996} = {C82D9BA4-C4BC-4A9F-86CD-608B4976CA93}
		{7F236206-B098-4AE5-8B78-E5DF8AE7B14C} = {C82D9BA4-C4BC-4A9F-86CD-608B4976CA93}
	EndGlobalSection
	GlobalSection(ExtensibilityGlobals) = postSolution
		SolutionGuid = {8338BF00-F9DD-4933-80CB-8F58AC3E6FC9}
	EndGlobalSection
EndGlobal
